
Microsoft Visual Studio Solution File, Format Version 12.00
# Visual Studio Version 17
VisualStudioVersion = 17.7.34221.43
MinimumVisualStudioVersion = 10.0.40219.1
Project("{9A19103F-16F7-4668-BE54-9A1E7A4F7556}") = "PCButtons", "PCButtons.csproj", "{F262FA72-5364-4515-BEFA-03137E6D223B}"
EndProject
Global
	GlobalSection(SolutionConfigurationPlatforms) = preSolution
		Debug|Any CPU = Debug|Any CPU
		Release|Any CPU = Release|Any CPU
	EndGlobalSection
	GlobalSection(ProjectConfigurationPlatforms) = postSolution
		{F262FA72-5364-4515-BEFA-03137E6D223B}.Debug|Any CPU.ActiveCfg = Debug|Any CPU
		{F262FA72-5364-4515-BEFA-03137E6D223B}.Debug|Any CPU.Build.0 = Debug|Any CPU
		{F262FA72-5364-4515-BEFA-03137E6D223B}.Release|Any CPU.ActiveCfg = Release|Any CPU
		{F262FA72-5364-4515-BEFA-03137E6D223B}.Release|Any CPU.Build.0 = Release|Any CPU
	EndGlobalSection
	GlobalSection(SolutionProperties) = preSolution
		HideSolutionNode = FALSE
	EndGlobalSection
	GlobalSection(ExtensibilityGlobals) = postSolution
		SolutionGuid = {CEE1E784-C87F-49D5-BF92-3637021D2A9E}
	EndGlobalSection
EndGlobal
